// !$*UTF8*$!
{
	archiveVersion = 1;
	classes = {
	};
	objectVersion = 55;
	objects = {

/* Begin PBXBuildFile section */
		3502FA4C28A2A53700964239 /* ContentsTableViewCell.swift in Sources */ = {isa = PBXBuildFile; fileRef = 3502FA4B28A2A53700964239 /* ContentsTableViewCell.swift */; };
		3515050628A879C900061612 /* YPImagePicker in Frameworks */ = {isa = PBXBuildFile; productRef = 3515050528A879C900061612 /* YPImagePicker */; };
		351FD00C28A2AB2300522940 /* ContentsCollectionViewCell.swift in Sources */ = {isa = PBXBuildFile; fileRef = 351FD00A28A2AB2300522940 /* ContentsCollectionViewCell.swift */; };
		351FD00D28A2AB2300522940 /* ContentsCollectionViewCell.xib in Resources */ = {isa = PBXBuildFile; fileRef = 351FD00B28A2AB2300522940 /* ContentsCollectionViewCell.xib */; };
		356DF4DC28A28A00004A81A4 /* Contents.storyboard in Resources */ = {isa = PBXBuildFile; fileRef = 356DF4DB28A28A00004A81A4 /* Contents.storyboard */; };
		356DF4DE28A28A53004A81A4 /* ContentsViewController.swift in Sources */ = {isa = PBXBuildFile; fileRef = 356DF4DD28A28A53004A81A4 /* ContentsViewController.swift */; };
		356DF4E028A28BAF004A81A4 /* ContentsBannerCollectionViewCell.swift in Sources */ = {isa = PBXBuildFile; fileRef = 356DF4DF28A28BAF004A81A4 /* ContentsBannerCollectionViewCell.swift */; };
		356DF4E328A28C44004A81A4 /* PosterView.xib in Resources */ = {isa = PBXBuildFile; fileRef = 356DF4E228A28C44004A81A4 /* PosterView.xib */; };
		356DF4E628A28EEB004A81A4 /* PosterView.swift in Sources */ = {isa = PBXBuildFile; fileRef = 356DF4E528A28EEB004A81A4 /* PosterView.swift */; };
		3579FB212899F6C7005A13F3 /* AppDelegate.swift in Sources */ = {isa = PBXBuildFile; fileRef = 3579FB202899F6C7005A13F3 /* AppDelegate.swift */; };
		3579FB232899F6C7005A13F3 /* SceneDelegate.swift in Sources */ = {isa = PBXBuildFile; fileRef = 3579FB222899F6C7005A13F3 /* SceneDelegate.swift */; };
		3579FB252899F6C7005A13F3 /* ViewController.swift in Sources */ = {isa = PBXBuildFile; fileRef = 3579FB242899F6C7005A13F3 /* ViewController.swift */; };
		3579FB282899F6C7005A13F3 /* Main.storyboard in Resources */ = {isa = PBXBuildFile; fileRef = 3579FB262899F6C7005A13F3 /* Main.storyboard */; };
		3579FB2A2899F6C8005A13F3 /* Assets.xcassets in Resources */ = {isa = PBXBuildFile; fileRef = 3579FB292899F6C8005A13F3 /* Assets.xcassets */; };
		3579FB2D2899F6C8005A13F3 /* LaunchScreen.storyboard in Resources */ = {isa = PBXBuildFile; fileRef = 3579FB2B2899F6C8005A13F3 /* LaunchScreen.storyboard */; };
		3579FB352899F7E2005A13F3 /* .gitignore in Resources */ = {isa = PBXBuildFile; fileRef = 3579FB342899F7E2005A13F3 /* .gitignore */; };
		3579FB3C2899FADF005A13F3 /* Constant.swift in Sources */ = {isa = PBXBuildFile; fileRef = 3579FB3B2899FADF005A13F3 /* Constant.swift */; };
		357BA4F428ADAFF100F1AC10 /* Introduce.storyboard in Resources */ = {isa = PBXBuildFile; fileRef = 357BA4F328ADAFF100F1AC10 /* Introduce.storyboard */; };
		357BA4FB28ADB09700F1AC10 /* IntroduceViewController.swift in Sources */ = {isa = PBXBuildFile; fileRef = 357BA4FA28ADB09700F1AC10 /* IntroduceViewController.swift */; };
		357BA4FE28ADB12600F1AC10 /* IntroduceChild01ViewController.swift in Sources */ = {isa = PBXBuildFile; fileRef = 357BA4FD28ADB12600F1AC10 /* IntroduceChild01ViewController.swift */; };
		357BA50028ADB15000F1AC10 /* IntroduceChild02ViewController.swift in Sources */ = {isa = PBXBuildFile; fileRef = 357BA4FF28ADB15000F1AC10 /* IntroduceChild02ViewController.swift */; };
		357BA50228ADB15A00F1AC10 /* IntroduceChild03ViewController.swift in Sources */ = {isa = PBXBuildFile; fileRef = 357BA50128ADB15A00F1AC10 /* IntroduceChild03ViewController.swift */; };
		357E5A37289C163700537833 /* Credits.storyboard in Resources */ = {isa = PBXBuildFile; fileRef = 357E5A36289C163700537833 /* Credits.storyboard */; };
		357E5A39289C173200537833 /* CreditsTableViewController.swift in Sources */ = {isa = PBXBuildFile; fileRef = 357E5A38289C173200537833 /* CreditsTableViewController.swift */; };
		357E5A3B289C1CDD00537833 /* CreditsTableViewCell.swift in Sources */ = {isa = PBXBuildFile; fileRef = 357E5A3A289C1CDD00537833 /* CreditsTableViewCell.swift */; };
		35AD76FA289D4D7500B25B13 /* Video.storyboard in Resources */ = {isa = PBXBuildFile; fileRef = 35AD76F9289D4D7500B25B13 /* Video.storyboard */; };
		35AD76FC289D4DC100B25B13 /* VideoViewController.swift in Sources */ = {isa = PBXBuildFile; fileRef = 35AD76FB289D4DC100B25B13 /* VideoViewController.swift */; };
		35AD76FF28A0061500B25B13 /* TMDBAPIManager.swift in Sources */ = {isa = PBXBuildFile; fileRef = 35AD76FE28A0061500B25B13 /* TMDBAPIManager.swift */; };
		35B3A4DC289A81EE00D9E7EA /* MainCollectionViewCell.swift in Sources */ = {isa = PBXBuildFile; fileRef = 35B3A4DB289A81EE00D9E7EA /* MainCollectionViewCell.swift */; };
		35B3A4DF289A824200D9E7EA /* ReusableViewProtocol.swift in Sources */ = {isa = PBXBuildFile; fileRef = 35B3A4DE289A824200D9E7EA /* ReusableViewProtocol.swift */; };
		35B3A4E2289AB39600D9E7EA /* Alamofire in Frameworks */ = {isa = PBXBuildFile; productRef = 35B3A4E1289AB39600D9E7EA /* Alamofire */; };
		35B3A4E5289AB3B100D9E7EA /* Kingfisher in Frameworks */ = {isa = PBXBuildFile; productRef = 35B3A4E4289AB3B100D9E7EA /* Kingfisher */; };
		35B3A4E8289AB3DA00D9E7EA /* SwiftyJSON in Frameworks */ = {isa = PBXBuildFile; productRef = 35B3A4E7289AB3DA00D9E7EA /* SwiftyJSON */; };
		35DD282228A6191900959369 /* TheaterTableViewCell.swift in Sources */ = {isa = PBXBuildFile; fileRef = 35DD282028A6191800959369 /* TheaterTableViewCell.swift */; };
		35DD282328A6191900959369 /* TheaterTableViewCell.xib in Resources */ = {isa = PBXBuildFile; fileRef = 35DD282128A6191900959369 /* TheaterTableViewCell.xib */; };
		35DD282528A61D0300959369 /* Theater.storyboard in Resources */ = {isa = PBXBuildFile; fileRef = 35DD282428A61D0300959369 /* Theater.storyboard */; };
		35DD282828A61D2900959369 /* TheaterViewController.swift in Sources */ = {isa = PBXBuildFile; fileRef = 35DD282728A61D2900959369 /* TheaterViewController.swift */; };
		35DD282A28A7C6F600959369 /* ProfileViewController.swift in Sources */ = {isa = PBXBuildFile; fileRef = 35DD282928A7C6F600959369 /* ProfileViewController.swift */; };
/* End PBXBuildFile section */

/* Begin PBXFileReference section */
		3502FA4B28A2A53700964239 /* ContentsTableViewCell.swift */ = {isa = PBXFileReference; lastKnownFileType = sourcecode.swift; path = ContentsTableViewCell.swift; sourceTree = "<group>"; };
		351FD00A28A2AB2300522940 /* ContentsCollectionViewCell.swift */ = {isa = PBXFileReference; lastKnownFileType = sourcecode.swift; path = ContentsCollectionViewCell.swift; sourceTree = "<group>"; };
		351FD00B28A2AB2300522940 /* ContentsCollectionViewCell.xib */ = {isa = PBXFileReference; lastKnownFileType = file.xib; path = ContentsCollectionViewCell.xib; sourceTree = "<group>"; };
		356DF4DB28A28A00004A81A4 /* Contents.storyboard */ = {isa = PBXFileReference; lastKnownFileType = file.storyboard; path = Contents.storyboard; sourceTree = "<group>"; };
		356DF4DD28A28A53004A81A4 /* ContentsViewController.swift */ = {isa = PBXFileReference; lastKnownFileType = sourcecode.swift; path = ContentsViewController.swift; sourceTree = "<group>"; };
		356DF4DF28A28BAF004A81A4 /* ContentsBannerCollectionViewCell.swift */ = {isa = PBXFileReference; lastKnownFileType = sourcecode.swift; path = ContentsBannerCollectionViewCell.swift; sourceTree = "<group>"; };
		356DF4E228A28C44004A81A4 /* PosterView.xib */ = {isa = PBXFileReference; lastKnownFileType = file.xib; path = PosterView.xib; sourceTree = "<group>"; };
		356DF4E528A28EEB004A81A4 /* PosterView.swift */ = {isa = PBXFileReference; lastKnownFileType = sourcecode.swift; path = PosterView.swift; sourceTree = "<group>"; };
		3579FB1D2899F6C7005A13F3 /* SeSACTMDB.app */ = {isa = PBXFileReference; explicitFileType = wrapper.application; includeInIndex = 0; path = SeSACTMDB.app; sourceTree = BUILT_PRODUCTS_DIR; };
		3579FB202899F6C7005A13F3 /* AppDelegate.swift */ = {isa = PBXFileReference; lastKnownFileType = sourcecode.swift; path = AppDelegate.swift; sourceTree = "<group>"; };
		3579FB222899F6C7005A13F3 /* SceneDelegate.swift */ = {isa = PBXFileReference; lastKnownFileType = sourcecode.swift; path = SceneDelegate.swift; sourceTree = "<group>"; };
		3579FB242899F6C7005A13F3 /* ViewController.swift */ = {isa = PBXFileReference; lastKnownFileType = sourcecode.swift; path = ViewController.swift; sourceTree = "<group>"; };
		3579FB272899F6C7005A13F3 /* Base */ = {isa = PBXFileReference; lastKnownFileType = file.storyboard; name = Base; path = Base.lproj/Main.storyboard; sourceTree = "<group>"; };
		3579FB292899F6C8005A13F3 /* Assets.xcassets */ = {isa = PBXFileReference; lastKnownFileType = folder.assetcatalog; path = Assets.xcassets; sourceTree = "<group>"; };
		3579FB2C2899F6C8005A13F3 /* Base */ = {isa = PBXFileReference; lastKnownFileType = file.storyboard; name = Base; path = Base.lproj/LaunchScreen.storyboard; sourceTree = "<group>"; };
		3579FB2E2899F6C8005A13F3 /* Info.plist */ = {isa = PBXFileReference; lastKnownFileType = text.plist.xml; path = Info.plist; sourceTree = "<group>"; };
		3579FB342899F7E2005A13F3 /* .gitignore */ = {isa = PBXFileReference; lastKnownFileType = text; path = .gitignore; sourceTree = "<group>"; };
		3579FB3B2899FADF005A13F3 /* Constant.swift */ = {isa = PBXFileReference; lastKnownFileType = sourcecode.swift; path = Constant.swift; sourceTree = "<group>"; };
		357BA4F328ADAFF100F1AC10 /* Introduce.storyboard */ = {isa = PBXFileReference; lastKnownFileType = file.storyboard; path = Introduce.storyboard; sourceTree = "<group>"; };
		357BA4FA28ADB09700F1AC10 /* IntroduceViewController.swift */ = {isa = PBXFileReference; lastKnownFileType = sourcecode.swift; path = IntroduceViewController.swift; sourceTree = "<group>"; };
		357BA4FD28ADB12600F1AC10 /* IntroduceChild01ViewController.swift */ = {isa = PBXFileReference; lastKnownFileType = sourcecode.swift; path = IntroduceChild01ViewController.swift; sourceTree = "<group>"; };
		357BA4FF28ADB15000F1AC10 /* IntroduceChild02ViewController.swift */ = {isa = PBXFileReference; lastKnownFileType = sourcecode.swift; path = IntroduceChild02ViewController.swift; sourceTree = "<group>"; };
		357BA50128ADB15A00F1AC10 /* IntroduceChild03ViewController.swift */ = {isa = PBXFileReference; lastKnownFileType = sourcecode.swift; path = IntroduceChild03ViewController.swift; sourceTree = "<group>"; };
		357E5A36289C163700537833 /* Credits.storyboard */ = {isa = PBXFileReference; lastKnownFileType = file.storyboard; path = Credits.storyboard; sourceTree = "<group>"; };
		357E5A38289C173200537833 /* CreditsTableViewController.swift */ = {isa = PBXFileReference; lastKnownFileType = sourcecode.swift; path = CreditsTableViewController.swift; sourceTree = "<group>"; };
		357E5A3A289C1CDD00537833 /* CreditsTableViewCell.swift */ = {isa = PBXFileReference; lastKnownFileType = sourcecode.swift; path = CreditsTableViewCell.swift; sourceTree = "<group>"; };
		35AD76F9289D4D7500B25B13 /* Video.storyboard */ = {isa = PBXFileReference; lastKnownFileType = file.storyboard; path = Video.storyboard; sourceTree = "<group>"; };
		35AD76FB289D4DC100B25B13 /* VideoViewController.swift */ = {isa = PBXFileReference; lastKnownFileType = sourcecode.swift; path = VideoViewController.swift; sourceTree = "<group>"; };
		35AD76FE28A0061500B25B13 /* TMDBAPIManager.swift */ = {isa = PBXFileReference; lastKnownFileType = sourcecode.swift; path = TMDBAPIManager.swift; sourceTree = "<group>"; };
		35B3A4DB289A81EE00D9E7EA /* MainCollectionViewCell.swift */ = {isa = PBXFileReference; lastKnownFileType = sourcecode.swift; path = MainCollectionViewCell.swift; sourceTree = "<group>"; };
		35B3A4DE289A824200D9E7EA /* ReusableViewProtocol.swift */ = {isa = PBXFileReference; lastKnownFileType = sourcecode.swift; path = ReusableViewProtocol.swift; sourceTree = "<group>"; };
		35DD282028A6191800959369 /* TheaterTableViewCell.swift */ = {isa = PBXFileReference; lastKnownFileType = sourcecode.swift; path = TheaterTableViewCell.swift; sourceTree = "<group>"; };
		35DD282128A6191900959369 /* TheaterTableViewCell.xib */ = {isa = PBXFileReference; lastKnownFileType = file.xib; path = TheaterTableViewCell.xib; sourceTree = "<group>"; };
		35DD282428A61D0300959369 /* Theater.storyboard */ = {isa = PBXFileReference; lastKnownFileType = file.storyboard; path = Theater.storyboard; sourceTree = "<group>"; };
		35DD282728A61D2900959369 /* TheaterViewController.swift */ = {isa = PBXFileReference; lastKnownFileType = sourcecode.swift; path = TheaterViewController.swift; sourceTree = "<group>"; };
		35DD282928A7C6F600959369 /* ProfileViewController.swift */ = {isa = PBXFileReference; lastKnownFileType = sourcecode.swift; path = ProfileViewController.swift; sourceTree = "<group>"; };
/* End PBXFileReference section */

/* Begin PBXFrameworksBuildPhase section */
		3579FB1A2899F6C7005A13F3 /* Frameworks */ = {
			isa = PBXFrameworksBuildPhase;
			buildActionMask = 2147483647;
			files = (
				35B3A4E8289AB3DA00D9E7EA /* SwiftyJSON in Frameworks */,
				35B3A4E5289AB3B100D9E7EA /* Kingfisher in Frameworks */,
				35B3A4E2289AB39600D9E7EA /* Alamofire in Frameworks */,
				3515050628A879C900061612 /* YPImagePicker in Frameworks */,
			);
			runOnlyForDeploymentPostprocessing = 0;
		};
/* End PBXFrameworksBuildPhase section */

/* Begin PBXGroup section */
		356DF4D828A289C2004A81A4 /* Video */ = {
			isa = PBXGroup;
			children = (
				35AD76F9289D4D7500B25B13 /* Video.storyboard */,
				35AD76FB289D4DC100B25B13 /* VideoViewController.swift */,
			);
			path = Video;
			sourceTree = "<group>";
		};
		356DF4D928A289D3004A81A4 /* Credits */ = {
			isa = PBXGroup;
			children = (
				357E5A36289C163700537833 /* Credits.storyboard */,
				357E5A3A289C1CDD00537833 /* CreditsTableViewCell.swift */,
				357E5A38289C173200537833 /* CreditsTableViewController.swift */,
			);
			path = Credits;
			sourceTree = "<group>";
		};
		356DF4DA28A289E9004A81A4 /* Contents */ = {
			isa = PBXGroup;
			children = (
				356DF4DB28A28A00004A81A4 /* Contents.storyboard */,
				356DF4DD28A28A53004A81A4 /* ContentsViewController.swift */,
				35DD282028A6191800959369 /* TheaterTableViewCell.swift */,
				35DD282128A6191900959369 /* TheaterTableViewCell.xib */,
				3502FA4B28A2A53700964239 /* ContentsTableViewCell.swift */,
				351FD00A28A2AB2300522940 /* ContentsCollectionViewCell.swift */,
				351FD00B28A2AB2300522940 /* ContentsCollectionViewCell.xib */,
				35DD282928A7C6F600959369 /* ProfileViewController.swift */,
				356DF4E428A28ECB004A81A4 /* Poster */,
				35DD282628A61D0600959369 /* Theater */,
				356DF4E128A28BBA004A81A4 /* Banner */,
			);
			path = Contents;
			sourceTree = "<group>";
		};
		356DF4E128A28BBA004A81A4 /* Banner */ = {
			isa = PBXGroup;
			children = (
				356DF4DF28A28BAF004A81A4 /* ContentsBannerCollectionViewCell.swift */,
			);
			path = Banner;
			sourceTree = "<group>";
		};
		356DF4E428A28ECB004A81A4 /* Poster */ = {
			isa = PBXGroup;
			children = (
				356DF4E228A28C44004A81A4 /* PosterView.xib */,
				356DF4E528A28EEB004A81A4 /* PosterView.swift */,
			);
			path = Poster;
			sourceTree = "<group>";
		};
		3579FB142899F6C7005A13F3 = {
			isa = PBXGroup;
			children = (
				3579FB342899F7E2005A13F3 /* .gitignore */,
				3579FB1F2899F6C7005A13F3 /* SeSACTMDB */,
				3579FB1E2899F6C7005A13F3 /* Products */,
			);
			sourceTree = "<group>";
		};
		3579FB1E2899F6C7005A13F3 /* Products */ = {
			isa = PBXGroup;
			children = (
				3579FB1D2899F6C7005A13F3 /* SeSACTMDB.app */,
			);
			name = Products;
			sourceTree = "<group>";
		};
		3579FB1F2899F6C7005A13F3 /* SeSACTMDB */ = {
			isa = PBXGroup;
			children = (
				35AD76FD28A005F200B25B13 /* APIManager */,
				35B3A4DD289A81F800D9E7EA /* Protocol */,
				3579FB3A2899FACE005A13F3 /* Key */,
				356DF4DA28A289E9004A81A4 /* Contents */,
				3579FB262899F6C7005A13F3 /* Main.storyboard */,
				357BA4F528ADB00200F1AC10 /* Introduce */,
				356DF4D828A289C2004A81A4 /* Video */,
				356DF4D928A289D3004A81A4 /* Credits */,
				3579FB202899F6C7005A13F3 /* AppDelegate.swift */,
				3579FB222899F6C7005A13F3 /* SceneDelegate.swift */,
				3579FB242899F6C7005A13F3 /* ViewController.swift */,
				35B3A4DB289A81EE00D9E7EA /* MainCollectionViewCell.swift */,
				3579FB292899F6C8005A13F3 /* Assets.xcassets */,
				3579FB2B2899F6C8005A13F3 /* LaunchScreen.storyboard */,
				3579FB2E2899F6C8005A13F3 /* Info.plist */,
			);
			path = SeSACTMDB;
			sourceTree = "<group>";
		};
		3579FB3A2899FACE005A13F3 /* Key */ = {
			isa = PBXGroup;
			children = (
				3579FB3B2899FADF005A13F3 /* Constant.swift */,
			);
			path = Key;
			sourceTree = "<group>";
		};
		357BA4F528ADB00200F1AC10 /* Introduce */ = {
			isa = PBXGroup;
			children = (
				357BA4F328ADAFF100F1AC10 /* Introduce.storyboard */,
				357BA4FA28ADB09700F1AC10 /* IntroduceViewController.swift */,
				357BA4FC28ADB0CB00F1AC10 /* IntroduceChild */,
			);
			path = Introduce;
			sourceTree = "<group>";
		};
		357BA4FC28ADB0CB00F1AC10 /* IntroduceChild */ = {
			isa = PBXGroup;
			children = (
				357BA4FD28ADB12600F1AC10 /* IntroduceChild01ViewController.swift */,
				357BA4FF28ADB15000F1AC10 /* IntroduceChild02ViewController.swift */,
				357BA50128ADB15A00F1AC10 /* IntroduceChild03ViewController.swift */,
			);
			path = IntroduceChild;
			sourceTree = "<group>";
		};
		35AD76FD28A005F200B25B13 /* APIManager */ = {
			isa = PBXGroup;
			children = (
				35AD76FE28A0061500B25B13 /* TMDBAPIManager.swift */,
			);
			path = APIManager;
			sourceTree = "<group>";
		};
		35B3A4DD289A81F800D9E7EA /* Protocol */ = {
			isa = PBXGroup;
			children = (
				35B3A4DE289A824200D9E7EA /* ReusableViewProtocol.swift */,
			);
			path = Protocol;
			sourceTree = "<group>";
		};
		35DD282628A61D0600959369 /* Theater */ = {
			isa = PBXGroup;
			children = (
				35DD282428A61D0300959369 /* Theater.storyboard */,
				35DD282728A61D2900959369 /* TheaterViewController.swift */,
			);
			path = Theater;
			sourceTree = "<group>";
		};
/* End PBXGroup section */

/* Begin PBXNativeTarget section */
		3579FB1C2899F6C7005A13F3 /* SeSACTMDB */ = {
			isa = PBXNativeTarget;
			buildConfigurationList = 3579FB312899F6C8005A13F3 /* Build configuration list for PBXNativeTarget "SeSACTMDB" */;
			buildPhases = (
				3579FB192899F6C7005A13F3 /* Sources */,
				3579FB1A2899F6C7005A13F3 /* Frameworks */,
				3579FB1B2899F6C7005A13F3 /* Resources */,
			);
			buildRules = (
			);
			dependencies = (
			);
			name = SeSACTMDB;
			packageProductDependencies = (
				35B3A4E1289AB39600D9E7EA /* Alamofire */,
				35B3A4E4289AB3B100D9E7EA /* Kingfisher */,
				35B3A4E7289AB3DA00D9E7EA /* SwiftyJSON */,
				3515050528A879C900061612 /* YPImagePicker */,
			);
			productName = SeSACTMDB;
			productReference = 3579FB1D2899F6C7005A13F3 /* SeSACTMDB.app */;
			productType = "com.apple.product-type.application";
		};
/* End PBXNativeTarget section */

/* Begin PBXProject section */
		3579FB152899F6C7005A13F3 /* Project object */ = {
			isa = PBXProject;
			attributes = {
				BuildIndependentTargetsInParallel = 1;
				LastSwiftUpdateCheck = 1340;
				LastUpgradeCheck = 1340;
				TargetAttributes = {
					3579FB1C2899F6C7005A13F3 = {
						CreatedOnToolsVersion = 13.4.1;
					};
				};
			};
			buildConfigurationList = 3579FB182899F6C7005A13F3 /* Build configuration list for PBXProject "SeSACTMDB" */;
			compatibilityVersion = "Xcode 13.0";
			developmentRegion = en;
			hasScannedForEncodings = 0;
			knownRegions = (
				en,
				Base,
			);
			mainGroup = 3579FB142899F6C7005A13F3;
			packageReferences = (
				35B3A4E0289AB39600D9E7EA /* XCRemoteSwiftPackageReference "Alamofire" */,
				35B3A4E3289AB3B100D9E7EA /* XCRemoteSwiftPackageReference "Kingfisher" */,
				35B3A4E6289AB3DA00D9E7EA /* XCRemoteSwiftPackageReference "SwiftyJSON" */,
				3515050428A879C800061612 /* XCRemoteSwiftPackageReference "YPImagePicker" */,
			);
			productRefGroup = 3579FB1E2899F6C7005A13F3 /* Products */;
			projectDirPath = "";
			projectRoot = "";
			targets = (
				3579FB1C2899F6C7005A13F3 /* SeSACTMDB */,
			);
		};
/* End PBXProject section */

/* Begin PBXResourcesBuildPhase section */
		3579FB1B2899F6C7005A13F3 /* Resources */ = {
			isa = PBXResourcesBuildPhase;
			buildActionMask = 2147483647;
			files = (
				3579FB352899F7E2005A13F3 /* .gitignore in Resources */,
				351FD00D28A2AB2300522940 /* ContentsCollectionViewCell.xib in Resources */,
				3579FB2D2899F6C8005A13F3 /* LaunchScreen.storyboard in Resources */,
				3579FB2A2899F6C8005A13F3 /* Assets.xcassets in Resources */,
				357BA4F428ADAFF100F1AC10 /* Introduce.storyboard in Resources */,
				3579FB282899F6C7005A13F3 /* Main.storyboard in Resources */,
				35DD282528A61D0300959369 /* Theater.storyboard in Resources */,
				357E5A37289C163700537833 /* Credits.storyboard in Resources */,
				35AD76FA289D4D7500B25B13 /* Video.storyboard in Resources */,
				35DD282328A6191900959369 /* TheaterTableViewCell.xib in Resources */,
				356DF4DC28A28A00004A81A4 /* Contents.storyboard in Resources */,
				356DF4E328A28C44004A81A4 /* PosterView.xib in Resources */,
			);
			runOnlyForDeploymentPostprocessing = 0;
		};
/* End PBXResourcesBuildPhase section */

/* Begin PBXSourcesBuildPhase section */
		3579FB192899F6C7005A13F3 /* Sources */ = {
			isa = PBXSourcesBuildPhase;
			buildActionMask = 2147483647;
			files = (
				356DF4E628A28EEB004A81A4 /* PosterView.swift in Sources */,
				351FD00C28A2AB2300522940 /* ContentsCollectionViewCell.swift in Sources */,
				3579FB252899F6C7005A13F3 /* ViewController.swift in Sources */,
				356DF4DE28A28A53004A81A4 /* ContentsViewController.swift in Sources */,
				3502FA4C28A2A53700964239 /* ContentsTableViewCell.swift in Sources */,
				35DD282828A61D2900959369 /* TheaterViewController.swift in Sources */,
				357BA50028ADB15000F1AC10 /* IntroduceChild02ViewController.swift in Sources */,
				35DD282A28A7C6F600959369 /* ProfileViewController.swift in Sources */,
				35DD282228A6191900959369 /* TheaterTableViewCell.swift in Sources */,
				3579FB3C2899FADF005A13F3 /* Constant.swift in Sources */,
				357BA4FB28ADB09700F1AC10 /* IntroduceViewController.swift in Sources */,
				35AD76FC289D4DC100B25B13 /* VideoViewController.swift in Sources */,
				357BA50228ADB15A00F1AC10 /* IntroduceChild03ViewController.swift in Sources */,
				356DF4E028A28BAF004A81A4 /* ContentsBannerCollectionViewCell.swift in Sources */,
				35AD76FF28A0061500B25B13 /* TMDBAPIManager.swift in Sources */,
				35B3A4DC289A81EE00D9E7EA /* MainCollectionViewCell.swift in Sources */,
				3579FB212899F6C7005A13F3 /* AppDelegate.swift in Sources */,
				3579FB232899F6C7005A13F3 /* SceneDelegate.swift in Sources */,
				357BA4FE28ADB12600F1AC10 /* IntroduceChild01ViewController.swift in Sources */,
				35B3A4DF289A824200D9E7EA /* ReusableViewProtocol.swift in Sources */,
				357E5A3B289C1CDD00537833 /* CreditsTableViewCell.swift in Sources */,
				357E5A39289C173200537833 /* CreditsTableViewController.swift in Sources */,
			);
			runOnlyForDeploymentPostprocessing = 0;
		};
/* End PBXSourcesBuildPhase section */

/* Begin PBXVariantGroup section */
		3579FB262899F6C7005A13F3 /* Main.storyboard */ = {
			isa = PBXVariantGroup;
			children = (
				3579FB272899F6C7005A13F3 /* Base */,
			);
			name = Main.storyboard;
			sourceTree = "<group>";
		};
		3579FB2B2899F6C8005A13F3 /* LaunchScreen.storyboard */ = {
			isa = PBXVariantGroup;
			children = (
				3579FB2C2899F6C8005A13F3 /* Base */,
			);
			name = LaunchScreen.storyboard;
			sourceTree = "<group>";
		};
/* End PBXVariantGroup section */

/* Begin XCBuildConfiguration section */
		3579FB2F2899F6C8005A13F3 /* Debug */ = {
			isa = XCBuildConfiguration;
			buildSettings = {
				ALWAYS_SEARCH_USER_PATHS = NO;
				CLANG_ANALYZER_NONNULL = YES;
				CLANG_ANALYZER_NUMBER_OBJECT_CONVERSION = YES_AGGRESSIVE;
				CLANG_CXX_LANGUAGE_STANDARD = "gnu++17";
				CLANG_ENABLE_MODULES = YES;
				CLANG_ENABLE_OBJC_ARC = YES;
				CLANG_ENABLE_OBJC_WEAK = YES;
				CLANG_WARN_BLOCK_CAPTURE_AUTORELEASING = YES;
				CLANG_WARN_BOOL_CONVERSION = YES;
				CLANG_WARN_COMMA = YES;
				CLANG_WARN_CONSTANT_CONVERSION = YES;
				CLANG_WARN_DEPRECATED_OBJC_IMPLEMENTATIONS = YES;
				CLANG_WARN_DIRECT_OBJC_ISA_USAGE = YES_ERROR;
				CLANG_WARN_DOCUMENTATION_COMMENTS = YES;
				CLANG_WARN_EMPTY_BODY = YES;
				CLANG_WARN_ENUM_CONVERSION = YES;
				CLANG_WARN_INFINITE_RECURSION = YES;
				CLANG_WARN_INT_CONVERSION = YES;
				CLANG_WARN_NON_LITERAL_NULL_CONVERSION = YES;
				CLANG_WARN_OBJC_IMPLICIT_RETAIN_SELF = YES;
				CLANG_WARN_OBJC_LITERAL_CONVERSION = YES;
				CLANG_WARN_OBJC_ROOT_CLASS = YES_ERROR;
				CLANG_WARN_QUOTED_INCLUDE_IN_FRAMEWORK_HEADER = YES;
				CLANG_WARN_RANGE_LOOP_ANALYSIS = YES;
				CLANG_WARN_STRICT_PROTOTYPES = YES;
				CLANG_WARN_SUSPICIOUS_MOVE = YES;
				CLANG_WARN_UNGUARDED_AVAILABILITY = YES_AGGRESSIVE;
				CLANG_WARN_UNREACHABLE_CODE = YES;
				CLANG_WARN__DUPLICATE_METHOD_MATCH = YES;
				COPY_PHASE_STRIP = NO;
				DEBUG_INFORMATION_FORMAT = dwarf;
				ENABLE_STRICT_OBJC_MSGSEND = YES;
				ENABLE_TESTABILITY = YES;
				GCC_C_LANGUAGE_STANDARD = gnu11;
				GCC_DYNAMIC_NO_PIC = NO;
				GCC_NO_COMMON_BLOCKS = YES;
				GCC_OPTIMIZATION_LEVEL = 0;
				GCC_PREPROCESSOR_DEFINITIONS = (
					"DEBUG=1",
					"$(inherited)",
				);
				GCC_WARN_64_TO_32_BIT_CONVERSION = YES;
				GCC_WARN_ABOUT_RETURN_TYPE = YES_ERROR;
				GCC_WARN_UNDECLARED_SELECTOR = YES;
				GCC_WARN_UNINITIALIZED_AUTOS = YES_AGGRESSIVE;
				GCC_WARN_UNUSED_FUNCTION = YES;
				GCC_WARN_UNUSED_VARIABLE = YES;
				IPHONEOS_DEPLOYMENT_TARGET = 15.5;
				MTL_ENABLE_DEBUG_INFO = INCLUDE_SOURCE;
				MTL_FAST_MATH = YES;
				ONLY_ACTIVE_ARCH = YES;
				SDKROOT = iphoneos;
				SWIFT_ACTIVE_COMPILATION_CONDITIONS = DEBUG;
				SWIFT_OPTIMIZATION_LEVEL = "-Onone";
			};
			name = Debug;
		};
		3579FB302899F6C8005A13F3 /* Release */ = {
			isa = XCBuildConfiguration;
			buildSettings = {
				ALWAYS_SEARCH_USER_PATHS = NO;
				CLANG_ANALYZER_NONNULL = YES;
				CLANG_ANALYZER_NUMBER_OBJECT_CONVERSION = YES_AGGRESSIVE;
				CLANG_CXX_LANGUAGE_STANDARD = "gnu++17";
				CLANG_ENABLE_MODULES = YES;
				CLANG_ENABLE_OBJC_ARC = YES;
				CLANG_ENABLE_OBJC_WEAK = YES;
				CLANG_WARN_BLOCK_CAPTURE_AUTORELEASING = YES;
				CLANG_WARN_BOOL_CONVERSION = YES;
				CLANG_WARN_COMMA = YES;
				CLANG_WARN_CONSTANT_CONVERSION = YES;
				CLANG_WARN_DEPRECATED_OBJC_IMPLEMENTATIONS = YES;
				CLANG_WARN_DIRECT_OBJC_ISA_USAGE = YES_ERROR;
				CLANG_WARN_DOCUMENTATION_COMMENTS = YES;
				CLANG_WARN_EMPTY_BODY = YES;
				CLANG_WARN_ENUM_CONVERSION = YES;
				CLANG_WARN_INFINITE_RECURSION = YES;
				CLANG_WARN_INT_CONVERSION = YES;
				CLANG_WARN_NON_LITERAL_NULL_CONVERSION = YES;
				CLANG_WARN_OBJC_IMPLICIT_RETAIN_SELF = YES;
				CLANG_WARN_OBJC_LITERAL_CONVERSION = YES;
				CLANG_WARN_OBJC_ROOT_CLASS = YES_ERROR;
				CLANG_WARN_QUOTED_INCLUDE_IN_FRAMEWORK_HEADER = YES;
				CLANG_WARN_RANGE_LOOP_ANALYSIS = YES;
				CLANG_WARN_STRICT_PROTOTYPES = YES;
				CLANG_WARN_SUSPICIOUS_MOVE = YES;
				CLANG_WARN_UNGUARDED_AVAILABILITY = YES_AGGRESSIVE;
				CLANG_WARN_UNREACHABLE_CODE = YES;
				CLANG_WARN__DUPLICATE_METHOD_MATCH = YES;
				COPY_PHASE_STRIP = NO;
				DEBUG_INFORMATION_FORMAT = "dwarf-with-dsym";
				ENABLE_NS_ASSERTIONS = NO;
				ENABLE_STRICT_OBJC_MSGSEND = YES;
				GCC_C_LANGUAGE_STANDARD = gnu11;
				GCC_NO_COMMON_BLOCKS = YES;
				GCC_WARN_64_TO_32_BIT_CONVERSION = YES;
				GCC_WARN_ABOUT_RETURN_TYPE = YES_ERROR;
				GCC_WARN_UNDECLARED_SELECTOR = YES;
				GCC_WARN_UNINITIALIZED_AUTOS = YES_AGGRESSIVE;
				GCC_WARN_UNUSED_FUNCTION = YES;
				GCC_WARN_UNUSED_VARIABLE = YES;
				IPHONEOS_DEPLOYMENT_TARGET = 15.5;
				MTL_ENABLE_DEBUG_INFO = NO;
				MTL_FAST_MATH = YES;
				SDKROOT = iphoneos;
				SWIFT_COMPILATION_MODE = wholemodule;
				SWIFT_OPTIMIZATION_LEVEL = "-O";
				VALIDATE_PRODUCT = YES;
			};
			name = Release;
		};
		3579FB322899F6C8005A13F3 /* Debug */ = {
			isa = XCBuildConfiguration;
			buildSettings = {
				ASSETCATALOG_COMPILER_APPICON_NAME = AppIcon;
				ASSETCATALOG_COMPILER_GLOBAL_ACCENT_COLOR_NAME = AccentColor;
				CODE_SIGN_STYLE = Automatic;
				CURRENT_PROJECT_VERSION = 1;
				DEVELOPMENT_TEAM = BG68R7N92W;
				GENERATE_INFOPLIST_FILE = YES;
				INFOPLIST_FILE = SeSACTMDB/Info.plist;
				INFOPLIST_KEY_NSCameraUsageDescription = "카메라 사용";
				INFOPLIST_KEY_NSLocationWhenInUseUsageDescription = "위치 사용";
				INFOPLIST_KEY_NSPhotoLibraryUsageDescription = "포토앨범 사용";
				INFOPLIST_KEY_UIApplicationSupportsIndirectInputEvents = YES;
				INFOPLIST_KEY_UILaunchStoryboardName = LaunchScreen;
				INFOPLIST_KEY_UIMainStoryboardFile = Introduce;
				INFOPLIST_KEY_UISupportedInterfaceOrientations_iPad = "UIInterfaceOrientationPortrait UIInterfaceOrientationPortraitUpsideDown UIInterfaceOrientationLandscapeLeft UIInterfaceOrientationLandscapeRight";
				INFOPLIST_KEY_UISupportedInterfaceOrientations_iPhone = UIInterfaceOrientationPortrait;
				INFOPLIST_KEY_UIUserInterfaceStyle = Light;
				IPHONEOS_DEPLOYMENT_TARGET = 15.0;
				LD_RUNPATH_SEARCH_PATHS = (
					"$(inherited)",
					"@executable_path/Frameworks",
				);
				MARKETING_VERSION = 1.0;
				PRODUCT_BUNDLE_IDENTIFIER = com.soul.SeSACTMDB;
				PRODUCT_NAME = "$(TARGET_NAME)";
				SWIFT_EMIT_LOC_STRINGS = YES;
				SWIFT_VERSION = 5.0;
				TARGETED_DEVICE_FAMILY = 1;
			};
			name = Debug;
		};
		3579FB332899F6C8005A13F3 /* Release */ = {
			isa = XCBuildConfiguration;
			buildSettings = {
				ASSETCATALOG_COMPILER_APPICON_NAME = AppIcon;
				ASSETCATALOG_COMPILER_GLOBAL_ACCENT_COLOR_NAME = AccentColor;
				CODE_SIGN_STYLE = Automatic;
				CURRENT_PROJECT_VERSION = 1;
				DEVELOPMENT_TEAM = BG68R7N92W;
				GENERATE_INFOPLIST_FILE = YES;
				INFOPLIST_FILE = SeSACTMDB/Info.plist;
				INFOPLIST_KEY_NSCameraUsageDescription = "카메라 사용";
				INFOPLIST_KEY_NSLocationWhenInUseUsageDescription = "위치 사용";
				INFOPLIST_KEY_NSPhotoLibraryUsageDescription = "포토앨범 사용";
				INFOPLIST_KEY_UIApplicationSupportsIndirectInputEvents = YES;
				INFOPLIST_KEY_UILaunchStoryboardName = LaunchScreen;
				INFOPLIST_KEY_UIMainStoryboardFile = Introduce;
				INFOPLIST_KEY_UISupportedInterfaceOrientations_iPad = "UIInterfaceOrientationPortrait UIInterfaceOrientationPortraitUpsideDown UIInterfaceOrientationLandscapeLeft UIInterfaceOrientationLandscapeRight";
				INFOPLIST_KEY_UISupportedInterfaceOrientations_iPhone = UIInterfaceOrientationPortrait;
				INFOPLIST_KEY_UIUserInterfaceStyle = Light;
				IPHONEOS_DEPLOYMENT_TARGET = 15.0;
				LD_RUNPATH_SEARCH_PATHS = (
					"$(inherited)",
					"@executable_path/Frameworks",
				);
				MARKETING_VERSION = 1.0;
				PRODUCT_BUNDLE_IDENTIFIER = com.soul.SeSACTMDB;
				PRODUCT_NAME = "$(TARGET_NAME)";
				SWIFT_EMIT_LOC_STRINGS = YES;
				SWIFT_VERSION = 5.0;
				TARGETED_DEVICE_FAMILY = 1;
			};
			name = Release;
		};
/* End XCBuildConfiguration section */

/* Begin XCConfigurationList section */
		3579FB182899F6C7005A13F3 /* Build configuration list for PBXProject "SeSACTMDB" */ = {
			isa = XCConfigurationList;
			buildConfigurations = (
				3579FB2F2899F6C8005A13F3 /* Debug */,
				3579FB302899F6C8005A13F3 /* Release */,
			);
			defaultConfigurationIsVisible = 0;
			defaultConfigurationName = Release;
		};
		3579FB312899F6C8005A13F3 /* Build configuration list for PBXNativeTarget "SeSACTMDB" */ = {
			isa = XCConfigurationList;
			buildConfigurations = (
				3579FB322899F6C8005A13F3 /* Debug */,
				3579FB332899F6C8005A13F3 /* Release */,
			);
			defaultConfigurationIsVisible = 0;
			defaultConfigurationName = Release;
		};
/* End XCConfigurationList section */

/* Begin XCRemoteSwiftPackageReference section */
		3515050428A879C800061612 /* XCRemoteSwiftPackageReference "YPImagePicker" */ = {
			isa = XCRemoteSwiftPackageReference;
			repositoryURL = "https://github.com/Yummypets/YPImagePicker.git";
			requirement = {
				kind = upToNextMajorVersion;
				minimumVersion = 5.0.0;
			};
		};
		35B3A4E0289AB39600D9E7EA /* XCRemoteSwiftPackageReference "Alamofire" */ = {
			isa = XCRemoteSwiftPackageReference;
			repositoryURL = "https://github.com/Alamofire/Alamofire.git";
			requirement = {
				kind = upToNextMajorVersion;
				minimumVersion = 5.0.0;
			};
		};
		35B3A4E3289AB3B100D9E7EA /* XCRemoteSwiftPackageReference "Kingfisher" */ = {
			isa = XCRemoteSwiftPackageReference;
			repositoryURL = "https://github.com/onevcat/Kingfisher.git";
			requirement = {
				kind = upToNextMajorVersion;
				minimumVersion = 7.0.0;
			};
		};
		35B3A4E6289AB3DA00D9E7EA /* XCRemoteSwiftPackageReference "SwiftyJSON" */ = {
			isa = XCRemoteSwiftPackageReference;
			repositoryURL = "https://github.com/SwiftyJSON/SwiftyJSON.git";
			requirement = {
				kind = upToNextMajorVersion;
				minimumVersion = 5.0.0;
			};
		};
/* End XCRemoteSwiftPackageReference section */

/* Begin XCSwiftPackageProductDependency section */
		3515050528A879C900061612 /* YPImagePicker */ = {
			isa = XCSwiftPackageProductDependency;
			package = 3515050428A879C800061612 /* XCRemoteSwiftPackageReference "YPImagePicker" */;
			productName = YPImagePicker;
		};
		35B3A4E1289AB39600D9E7EA /* Alamofire */ = {
			isa = XCSwiftPackageProductDependency;
			package = 35B3A4E0289AB39600D9E7EA /* XCRemoteSwiftPackageReference "Alamofire" */;
			productName = Alamofire;
		};
		35B3A4E4289AB3B100D9E7EA /* Kingfisher */ = {
			isa = XCSwiftPackageProductDependency;
			package = 35B3A4E3289AB3B100D9E7EA /* XCRemoteSwiftPackageReference "Kingfisher" */;
			productName = Kingfisher;
		};
		35B3A4E7289AB3DA00D9E7EA /* SwiftyJSON */ = {
			isa = XCSwiftPackageProductDependency;
			package = 35B3A4E6289AB3DA00D9E7EA /* XCRemoteSwiftPackageReference "SwiftyJSON" */;
			productName = SwiftyJSON;
		};
/* End XCSwiftPackageProductDependency section */
	};
	rootObject = 3579FB152899F6C7005A13F3 /* Project object */;
}
